// !$*UTF8*$!
{
	archiveVersion = 1;
	classes = {
	};
	objectVersion = 54;
	objects = {

/* Begin PBXBuildFile section */
		15AF579F25D5BA3F00DB1423 /* magic8ball_iosApp.swift in Sources */ = {isa = PBXBuildFile; fileRef = 15AF579E25D5BA3F00DB1423 /* magic8ball_iosApp.swift */; };
		15AF57A125D5BA3F00DB1423 /* ContentView.swift in Sources */ = {isa = PBXBuildFile; fileRef = 15AF57A025D5BA3F00DB1423 /* ContentView.swift */; };
		15AF57A325D5BA4000DB1423 /* Assets.xcassets in Resources */ = {isa = PBXBuildFile; fileRef = 15AF57A225D5BA4000DB1423 /* Assets.xcassets */; };
		15AF57A625D5BA4000DB1423 /* Preview Assets.xcassets in Resources */ = {isa = PBXBuildFile; fileRef = 15AF57A525D5BA4000DB1423 /* Preview Assets.xcassets */; };
		15C2778B25DAA82E00F44448 /* MagicBallView.swift in Sources */ = {isa = PBXBuildFile; fileRef = 15C2778A25DAA82E00F44448 /* MagicBallView.swift */; };
		15C2779425DAC4E000F44448 /* magic8ball_iosTests.swift in Sources */ = {isa = PBXBuildFile; fileRef = 15C2779325DAC4E000F44448 /* magic8ball_iosTests.swift */; };
/* End PBXBuildFile section */

/* Begin PBXContainerItemProxy section */
		15C2779625DAC4E000F44448 /* PBXContainerItemProxy */ = {
			isa = PBXContainerItemProxy;
			containerPortal = 15AF579325D5BA3F00DB1423 /* Project object */;
			proxyType = 1;
			remoteGlobalIDString = 15AF579A25D5BA3F00DB1423;
			remoteInfo = "magic8ball-ios";
		};
/* End PBXContainerItemProxy section */

/* Begin PBXFileReference section */
		15AF579B25D5BA3F00DB1423 /* magic8ball-ios.app */ = {isa = PBXFileReference; explicitFileType = wrapper.application; includeInIndex = 0; path = "magic8ball-ios.app"; sourceTree = BUILT_PRODUCTS_DIR; };
		15AF579E25D5BA3F00DB1423 /* magic8ball_iosApp.swift */ = {isa = PBXFileReference; lastKnownFileType = sourcecode.swift; path = magic8ball_iosApp.swift; sourceTree = "<group>"; };
		15AF57A025D5BA3F00DB1423 /* ContentView.swift */ = {isa = PBXFileReference; lastKnownFileType = sourcecode.swift; path = ContentView.swift; sourceTree = "<group>"; };
		15AF57A225D5BA4000DB1423 /* Assets.xcassets */ = {isa = PBXFileReference; lastKnownFileType = folder.assetcatalog; path = Assets.xcassets; sourceTree = "<group>"; };
		15AF57A525D5BA4000DB1423 /* Preview Assets.xcassets */ = {isa = PBXFileReference; lastKnownFileType = folder.assetcatalog; path = "Preview Assets.xcassets"; sourceTree = "<group>"; };
		15AF57A725D5BA4000DB1423 /* Info.plist */ = {isa = PBXFileReference; lastKnownFileType = text.plist.xml; path = Info.plist; sourceTree = "<group>"; };
		15C2778A25DAA82E00F44448 /* MagicBallView.swift */ = {isa = PBXFileReference; lastKnownFileType = sourcecode.swift; path = MagicBallView.swift; sourceTree = "<group>"; };
		15C2779125DAC4E000F44448 /* magic8ball-iosTests.xctest */ = {isa = PBXFileReference; explicitFileType = wrapper.cfbundle; includeInIndex = 0; path = "magic8ball-iosTests.xctest"; sourceTree = BUILT_PRODUCTS_DIR; };
		15C2779325DAC4E000F44448 /* magic8ball_iosTests.swift */ = {isa = PBXFileReference; lastKnownFileType = sourcecode.swift; path = magic8ball_iosTests.swift; sourceTree = "<group>"; };
		15C2779525DAC4E000F44448 /* Info.plist */ = {isa = PBXFileReference; lastKnownFileType = text.plist.xml; path = Info.plist; sourceTree = "<group>"; };
/* End PBXFileReference section */

/* Begin PBXFrameworksBuildPhase section */
		15AF579825D5BA3F00DB1423 /* Frameworks */ = {
			isa = PBXFrameworksBuildPhase;
			buildActionMask = 2147483647;
			files = (
			);
			runOnlyForDeploymentPostprocessing = 0;
		};
		15C2778E25DAC4E000F44448 /* Frameworks */ = {
			isa = PBXFrameworksBuildPhase;
			buildActionMask = 2147483647;
			files = (
			);
			runOnlyForDeploymentPostprocessing = 0;
		};
/* End PBXFrameworksBuildPhase section */

/* Begin PBXGroup section */
		15AF579225D5BA3F00DB1423 = {
			isa = PBXGroup;
			children = (
				15AF579D25D5BA3F00DB1423 /* magic8ball-ios */,
				15C2779225DAC4E000F44448 /* magic8ball-iosTests */,
				15AF579C25D5BA3F00DB1423 /* Products */,
			);
			sourceTree = "<group>";
		};
		15AF579C25D5BA3F00DB1423 /* Products */ = {
			isa = PBXGroup;
			children = (
				15AF579B25D5BA3F00DB1423 /* magic8ball-ios.app */,
				15C2779125DAC4E000F44448 /* magic8ball-iosTests.xctest */,
			);
			name = Products;
			sourceTree = "<group>";
		};
		15AF579D25D5BA3F00DB1423 /* magic8ball-ios */ = {
			isa = PBXGroup;
			children = (
				15AF579E25D5BA3F00DB1423 /* magic8ball_iosApp.swift */,
				15AF57A025D5BA3F00DB1423 /* ContentView.swift */,
				15AF57A225D5BA4000DB1423 /* Assets.xcassets */,
				15AF57A725D5BA4000DB1423 /* Info.plist */,
				15AF57A425D5BA4000DB1423 /* Preview Content */,
				15C2778A25DAA82E00F44448 /* MagicBallView.swift */,
			);
			path = "magic8ball-ios";
			sourceTree = "<group>";
		};
		15AF57A425D5BA4000DB1423 /* Preview Content */ = {
			isa = PBXGroup;
			children = (
				15AF57A525D5BA4000DB1423 /* Preview Assets.xcassets */,
			);
			path = "Preview Content";
			sourceTree = "<group>";
		};
		15C2779225DAC4E000F44448 /* magic8ball-iosTests */ = {
			isa = PBXGroup;
			children = (
				15C2779325DAC4E000F44448 /* magic8ball_iosTests.swift */,
				15C2779525DAC4E000F44448 /* Info.plist */,
			);
			path = "magic8ball-iosTests";
			sourceTree = "<group>";
		};
/* End PBXGroup section */

/* Begin PBXNativeTarget section */
		15AF579A25D5BA3F00DB1423 /* magic8ball-ios */ = {
			isa = PBXNativeTarget;
			buildConfigurationList = 15AF57AA25D5BA4000DB1423 /* Build configuration list for PBXNativeTarget "magic8ball-ios" */;
			buildPhases = (
				15AF579725D5BA3F00DB1423 /* Sources */,
				15AF579825D5BA3F00DB1423 /* Frameworks */,
				15AF579925D5BA3F00DB1423 /* Resources */,
			);
			buildRules = (
			);
			dependencies = (
			);
			name = "magic8ball-ios";
			productName = "magic8ball-ios";
			productReference = 15AF579B25D5BA3F00DB1423 /* magic8ball-ios.app */;
			productType = "com.apple.product-type.application";
		};
		15C2779025DAC4E000F44448 /* magic8ball-iosTests */ = {
			isa = PBXNativeTarget;
			buildConfigurationList = 15C2779825DAC4E000F44448 /* Build configuration list for PBXNativeTarget "magic8ball-iosTests" */;
			buildPhases = (
				15C2778D25DAC4E000F44448 /* Sources */,
				15C2778E25DAC4E000F44448 /* Frameworks */,
				15C2778F25DAC4E000F44448 /* Resources */,
			);
			buildRules = (
			);
			dependencies = (
				15C2779725DAC4E000F44448 /* PBXTargetDependency */,
			);
			name = "magic8ball-iosTests";
			productName = "magic8ball-iosTests";
			productReference = 15C2779125DAC4E000F44448 /* magic8ball-iosTests.xctest */;
			productType = "com.apple.product-type.bundle.unit-test";
		};
/* End PBXNativeTarget section */

/* Begin PBXProject section */
		15AF579325D5BA3F00DB1423 /* Project object */ = {
			isa = PBXProject;
			attributes = {
				LastSwiftUpdateCheck = 1240;
				LastUpgradeCheck = 1240;
				ORGANIZATIONNAME = simonberner.dev;
				TargetAttributes = {
					15AF579A25D5BA3F00DB1423 = {
						CreatedOnToolsVersion = 12.4;
					};
					15C2779025DAC4E000F44448 = {
						CreatedOnToolsVersion = 12.4;
						TestTargetID = 15AF579A25D5BA3F00DB1423;
					};
				};
			};
			buildConfigurationList = 15AF579625D5BA3F00DB1423 /* Build configuration list for PBXProject "magic8ball-ios" */;
			compatibilityVersion = "Xcode 12.0";
			developmentRegion = en;
			hasScannedForEncodings = 0;
			knownRegions = (
				en,
				Base,
			);
			mainGroup = 15AF579225D5BA3F00DB1423;
			productRefGroup = 15AF579C25D5BA3F00DB1423 /* Products */;
			projectDirPath = "";
			projectRoot = "";
			targets = (
				15AF579A25D5BA3F00DB1423 /* magic8ball-ios */,
				15C2779025DAC4E000F44448 /* magic8ball-iosTests */,
			);
		};
/* End PBXProject section */

/* Begin PBXResourcesBuildPhase section */
		15AF579925D5BA3F00DB1423 /* Resources */ = {
			isa = PBXResourcesBuildPhase;
			buildActionMask = 2147483647;
			files = (
				15AF57A625D5BA4000DB1423 /* Preview Assets.xcassets in Resources */,
				15AF57A325D5BA4000DB1423 /* Assets.xcassets in Resources */,
			);
			runOnlyForDeploymentPostprocessing = 0;
		};
		15C2778F25DAC4E000F44448 /* Resources */ = {
			isa = PBXResourcesBuildPhase;
			buildActionMask = 2147483647;
			files = (
			);
			runOnlyForDeploymentPostprocessing = 0;
		};
/* End PBXResourcesBuildPhase section */

/* Begin PBXSourcesBuildPhase section */
		15AF579725D5BA3F00DB1423 /* Sources */ = {
			isa = PBXSourcesBuildPhase;
			buildActionMask = 2147483647;
			files = (
				15AF57A125D5BA3F00DB1423 /* ContentView.swift in Sources */,
				15C2778B25DAA82E00F44448 /* MagicBallView.swift in Sources */,
				15AF579F25D5BA3F00DB1423 /* magic8ball_iosApp.swift in Sources */,
			);
			runOnlyForDeploymentPostprocessing = 0;
		};
		15C2778D25DAC4E000F44448 /* Sources */ = {
			isa = PBXSourcesBuildPhase;
			buildActionMask = 2147483647;
			files = (
				15C2779425DAC4E000F44448 /* magic8ball_iosTests.swift in Sources */,
			);
			runOnlyForDeploymentPostprocessing = 0;
		};
/* End PBXSourcesBuildPhase section */

/* Begin PBXTargetDependency section */
		15C2779725DAC4E000F44448 /* PBXTargetDependency */ = {
			isa = PBXTargetDependency;
			target = 15AF579A25D5BA3F00DB1423 /* magic8ball-ios */;
			targetProxy = 15C2779625DAC4E000F44448 /* PBXContainerItemProxy */;
		};
/* End PBXTargetDependency section */

/* Begin XCBuildConfiguration section */
		15AF57A825D5BA4000DB1423 /* Debug */ = {
			isa = XCBuildConfiguration;
			buildSettings = {
				ALWAYS_SEARCH_USER_PATHS = NO;
				CLANG_ANALYZER_NONNULL = YES;
				CLANG_ANALYZER_NUMBER_OBJECT_CONVERSION = YES_AGGRESSIVE;
				CLANG_CXX_LANGUAGE_STANDARD = "gnu++14";
				CLANG_CXX_LIBRARY = "libc++";
				CLANG_ENABLE_MODULES = YES;
				CLANG_ENABLE_OBJC_ARC = YES;
				CLANG_ENABLE_OBJC_WEAK = YES;
				CLANG_WARN_BLOCK_CAPTURE_AUTORELEASING = YES;
				CLANG_WARN_BOOL_CONVERSION = YES;
				CLANG_WARN_COMMA = YES;
				CLANG_WARN_CONSTANT_CONVERSION = YES;
				CLANG_WARN_DEPRECATED_OBJC_IMPLEMENTATIONS = YES;
				CLANG_WARN_DIRECT_OBJC_ISA_USAGE = YES_ERROR;
				CLANG_WARN_DOCUMENTATION_COMMENTS = YES;
				CLANG_WARN_EMPTY_BODY = YES;
				CLANG_WARN_ENUM_CONVERSION = YES;
				CLANG_WARN_INFINITE_RECURSION = YES;
				CLANG_WARN_INT_CONVERSION = YES;
				CLANG_WARN_NON_LITERAL_NULL_CONVERSION = YES;
				CLANG_WARN_OBJC_IMPLICIT_RETAIN_SELF = YES;
				CLANG_WARN_OBJC_LITERAL_CONVERSION = YES;
				CLANG_WARN_OBJC_ROOT_CLASS = YES_ERROR;
				CLANG_WARN_QUOTED_INCLUDE_IN_FRAMEWORK_HEADER = YES;
				CLANG_WARN_RANGE_LOOP_ANALYSIS = YES;
				CLANG_WARN_STRICT_PROTOTYPES = YES;
				CLANG_WARN_SUSPICIOUS_MOVE = YES;
				CLANG_WARN_UNGUARDED_AVAILABILITY = YES_AGGRESSIVE;
				CLANG_WARN_UNREACHABLE_CODE = YES;
				CLANG_WARN__DUPLICATE_METHOD_MATCH = YES;
				COPY_PHASE_STRIP = NO;
				DEBUG_INFORMATION_FORMAT = dwarf;
				ENABLE_STRICT_OBJC_MSGSEND = YES;
				ENABLE_TESTABILITY = YES;
				GCC_C_LANGUAGE_STANDARD = gnu11;
				GCC_DYNAMIC_NO_PIC = NO;
				GCC_NO_COMMON_BLOCKS = YES;
				GCC_OPTIMIZATION_LEVEL = 0;
				GCC_PREPROCESSOR_DEFINITIONS = (
					"DEBUG=1",
					"$(inherited)",
				);
				GCC_WARN_64_TO_32_BIT_CONVERSION = YES;
				GCC_WARN_ABOUT_RETURN_TYPE = YES_ERROR;
				GCC_WARN_UNDECLARED_SELECTOR = YES;
				GCC_WARN_UNINITIALIZED_AUTOS = YES_AGGRESSIVE;
				GCC_WARN_UNUSED_FUNCTION = YES;
				GCC_WARN_UNUSED_VARIABLE = YES;
				IPHONEOS_DEPLOYMENT_TARGET = 14.4;
				MTL_ENABLE_DEBUG_INFO = INCLUDE_SOURCE;
				MTL_FAST_MATH = YES;
				ONLY_ACTIVE_ARCH = YES;
				SDKROOT = iphoneos;
				SWIFT_ACTIVE_COMPILATION_CONDITIONS = DEBUG;
				SWIFT_OPTIMIZATION_LEVEL = "-Onone";
			};
			name = Debug;
		};
		15AF57A925D5BA4000DB1423 /* Release */ = {
			isa = XCBuildConfiguration;
			buildSettings = {
				ALWAYS_SEARCH_USER_PATHS = NO;
				CLANG_ANALYZER_NONNULL = YES;
				CLANG_ANALYZER_NUMBER_OBJECT_CONVERSION = YES_AGGRESSIVE;
				CLANG_CXX_LANGUAGE_STANDARD = "gnu++14";
				CLANG_CXX_LIBRARY = "libc++";
				CLANG_ENABLE_MODULES = YES;
				CLANG_ENABLE_OBJC_ARC = YES;
				CLANG_ENABLE_OBJC_WEAK = YES;
				CLANG_WARN_BLOCK_CAPTURE_AUTORELEASING = YES;
				CLANG_WARN_BOOL_CONVERSION = YES;
				CLANG_WARN_COMMA = YES;
				CLANG_WARN_CONSTANT_CONVERSION = YES;
				CLANG_WARN_DEPRECATED_OBJC_IMPLEMENTATIONS = YES;
				CLANG_WARN_DIRECT_OBJC_ISA_USAGE = YES_ERROR;
				CLANG_WARN_DOCUMENTATION_COMMENTS = YES;
				CLANG_WARN_EMPTY_BODY = YES;
				CLANG_WARN_ENUM_CONVERSION = YES;
				CLANG_WARN_INFINITE_RECURSION = YES;
				CLANG_WARN_INT_CONVERSION = YES;
				CLANG_WARN_NON_LITERAL_NULL_CONVERSION = YES;
				CLANG_WARN_OBJC_IMPLICIT_RETAIN_SELF = YES;
				CLANG_WARN_OBJC_LITERAL_CONVERSION = YES;
				CLANG_WARN_OBJC_ROOT_CLASS = YES_ERROR;
				CLANG_WARN_QUOTED_INCLUDE_IN_FRAMEWORK_HEADER = YES;
				CLANG_WARN_RANGE_LOOP_ANALYSIS = YES;
				CLANG_WARN_STRICT_PROTOTYPES = YES;
				CLANG_WARN_SUSPICIOUS_MOVE = YES;
				CLANG_WARN_UNGUARDED_AVAILABILITY = YES_AGGRESSIVE;
				CLANG_WARN_UNREACHABLE_CODE = YES;
				CLANG_WARN__DUPLICATE_METHOD_MATCH = YES;
				COPY_PHASE_STRIP = NO;
				DEBUG_INFORMATION_FORMAT = "dwarf-with-dsym";
				ENABLE_NS_ASSERTIONS = NO;
				ENABLE_STRICT_OBJC_MSGSEND = YES;
				GCC_C_LANGUAGE_STANDARD = gnu11;
				GCC_NO_COMMON_BLOCKS = YES;
				GCC_WARN_64_TO_32_BIT_CONVERSION = YES;
				GCC_WARN_ABOUT_RETURN_TYPE = YES_ERROR;
				GCC_WARN_UNDECLARED_SELECTOR = YES;
				GCC_WARN_UNINITIALIZED_AUTOS = YES_AGGRESSIVE;
				GCC_WARN_UNUSED_FUNCTION = YES;
				GCC_WARN_UNUSED_VARIABLE = YES;
				IPHONEOS_DEPLOYMENT_TARGET = 14.4;
				MTL_ENABLE_DEBUG_INFO = NO;
				MTL_FAST_MATH = YES;
				SDKROOT = iphoneos;
				SWIFT_COMPILATION_MODE = wholemodule;
				SWIFT_OPTIMIZATION_LEVEL = "-O";
				VALIDATE_PRODUCT = YES;
			};
			name = Release;
		};
		15AF57AB25D5BA4000DB1423 /* Debug */ = {
			isa = XCBuildConfiguration;
			buildSettings = {
				ASSETCATALOG_COMPILER_APPICON_NAME = AppIcon;
				ASSETCATALOG_COMPILER_GLOBAL_ACCENT_COLOR_NAME = AccentColor;
				CODE_SIGN_STYLE = Automatic;
				DEVELOPMENT_ASSET_PATHS = "\"magic8ball-ios/Preview Content\"";
				DEVELOPMENT_TEAM = XLY4UW5GHZ;
				ENABLE_PREVIEWS = YES;
				INFOPLIST_FILE = "magic8ball-ios/Info.plist";
				IPHONEOS_DEPLOYMENT_TARGET = 14.1;
				LD_RUNPATH_SEARCH_PATHS = (
					"$(inherited)",
					"@executable_path/Frameworks",
				);
				MARKETING_VERSION = 1.0.0;
				PRODUCT_BUNDLE_IDENTIFIER = "dev.simonberner.magic8ball-ios";
				PRODUCT_NAME = "$(TARGET_NAME)";
				SWIFT_VERSION = 5.0;
				TARGETED_DEVICE_FAMILY = "1,2";
			};
			name = Debug;
		};
		15AF57AC25D5BA4000DB1423 /* Release */ = {
			isa = XCBuildConfiguration;
			buildSettings = {
				ASSETCATALOG_COMPILER_APPICON_NAME = AppIcon;
				ASSETCATALOG_COMPILER_GLOBAL_ACCENT_COLOR_NAME = AccentColor;
				CODE_SIGN_STYLE = Automatic;
				DEVELOPMENT_ASSET_PATHS = "\"magic8ball-ios/Preview Content\"";
				DEVELOPMENT_TEAM = XLY4UW5GHZ;
				ENABLE_PREVIEWS = YES;
				INFOPLIST_FILE = "magic8ball-ios/Info.plist";
				IPHONEOS_DEPLOYMENT_TARGET = 14.1;
				LD_RUNPATH_SEARCH_PATHS = (
					"$(inherited)",
					"@executable_path/Frameworks",
				);
				MARKETING_VERSION = 1.0.0;
				PRODUCT_BUNDLE_IDENTIFIER = "dev.simonberner.magic8ball-ios";
				PRODUCT_NAME = "$(TARGET_NAME)";
				SWIFT_VERSION = 5.0;
				TARGETED_DEVICE_FAMILY = "1,2";
			};
			name = Release;
		};
		15C2779925DAC4E000F44448 /* Debug */ = {
			isa = XCBuildConfiguration;
			buildSettings = {
				BUNDLE_LOADER = "$(TEST_HOST)";
				CODE_SIGN_STYLE = Automatic;
				DEVELOPMENT_TEAM = XLY4UW5GHZ;
				INFOPLIST_FILE = "magic8ball-iosTests/Info.plist";
				LD_RUNPATH_SEARCH_PATHS = (
					"$(inherited)",
					"@executable_path/Frameworks",
					"@loader_path/Frameworks",
				);
				PRODUCT_BUNDLE_IDENTIFIER = "dev.simonberner.magic8ball-iosTests";
				PRODUCT_NAME = "$(TARGET_NAME)";
				SWIFT_VERSION = 5.0;
				TARGETED_DEVICE_FAMILY = "1,2";
				TEST_HOST = "$(BUILT_PRODUCTS_DIR)/magic8ball-ios.app/magic8ball-ios";
			};
			name = Debug;
		};
		15C2779A25DAC4E000F44448 /* Release */ = {
			isa = XCBuildConfiguration;
			buildSettings = {
				BUNDLE_LOADER = "$(TEST_HOST)";
				CODE_SIGN_STYLE = Automatic;
				DEVELOPMENT_TEAM = XLY4UW5GHZ;
				INFOPLIST_FILE = "magic8ball-iosTests/Info.plist";
				LD_RUNPATH_SEARCH_PATHS = (
					"$(inherited)",
					"@executable_path/Frameworks",
					"@loader_path/Frameworks",
				);
				PRODUCT_BUNDLE_IDENTIFIER = "dev.simonberner.magic8ball-iosTests";
				PRODUCT_NAME = "$(TARGET_NAME)";
				SWIFT_VERSION = 5.0;
				TARGETED_DEVICE_FAMILY = "1,2";
				TEST_HOST = "$(BUILT_PRODUCTS_DIR)/magic8ball-ios.app/magic8ball-ios";
			};
			name = Release;
		};
/* End XCBuildConfiguration section */

/* Begin XCConfigurationList section */
		15AF579625D5BA3F00DB1423 /* Build configuration list for PBXProject "magic8ball-ios" */ = {
			isa = XCConfigurationList;
			buildConfigurations = (
				15AF57A825D5BA4000DB1423 /* Debug */,
				15AF57A925D5BA4000DB1423 /* Release */,
			);
			defaultConfigurationIsVisible = 0;
			defaultConfigurationName = Release;
		};
		15AF57AA25D5BA4000DB1423 /* Build configuration list for PBXNativeTarget "magic8ball-ios" */ = {
			isa = XCConfigurationList;
			buildConfigurations = (
				15AF57AB25D5BA4000DB1423 /* Debug */,
				15AF57AC25D5BA4000DB1423 /* Release */,
			);
			defaultConfigurationIsVisible = 0;
			defaultConfigurationName = Release;
		};
		15C2779825DAC4E000F44448 /* Build configuration list for PBXNativeTarget "magic8ball-iosTests" */ = {
			isa = XCConfigurationList;
			buildConfigurations = (
				15C2779925DAC4E000F44448 /* Debug */,
				15C2779A25DAC4E000F44448 /* Release */,
			);
			defaultConfigurationIsVisible = 0;
			defaultConfigurationName = Release;
		};
/* End XCConfigurationList section */
	};
	rootObject = 15AF579325D5BA3F00DB1423 /* Project object */;
}
